
Microsoft Visual Studio Solution File, Format Version 12.00
# Visual Studio Version 17
VisualStudioVersion = 17.6.33417.168
MinimumVisualStudioVersion = 10.0.40219.1
Project("{9A19103F-16F7-4668-BE54-9A1E7A4F7556}") = "ConsoleApp_PhoneBook", "ConsoleApp_PhoneBook\ConsoleApp_PhoneBook.csproj", "{AD98316C-FBB8-4C14-ABE7-123EACE46242}"
EndProject
Project("{9A19103F-16F7-4668-BE54-9A1E7A4F7556}") = "ConsoleApp_Basic_String", "ConsoleApp_Basic_String\ConsoleApp_Basic_String.csproj", "{118E855C-BFDE-42A8-8A1C-964E5CB59124}"
EndProject
Project("{9A19103F-16F7-4668-BE54-9A1E7A4F7556}") = "ConsoleApp_Basic_DateTime", "ConsoleApp_Basic_DateTime\ConsoleApp_Basic_DateTime.csproj", "{5B19830C-3CEA-4E1F-B49E-CD5F81504021}"
EndProject
Project("{9A19103F-16F7-4668-BE54-9A1E7A4F7556}") = "ConsoleApp_Basic_LINQ", "ConsoleApp_Basic_LINQ\ConsoleApp_Basic_LINQ.csproj", "{AFE77A3C-F3FC-45A5-BC6C-F5F28C1015FB}"
EndProject
Project("{9A19103F-16F7-4668-BE54-9A1E7A4F7556}") = "ConsoleApp_Basic_GenericType", "ConsoleApp_Basic_GenericType\ConsoleApp_Basic_GenericType.csproj", "{BDEC8BAA-CCC7-4447-8451-4122147C865F}"
EndProject
Project("{9A19103F-16F7-4668-BE54-9A1E7A4F7556}") = "WpfApp_Basic_AsyncProg", "WpfApp_Basic_AsyncProg\WpfApp_Basic_AsyncProg.csproj", "{9BCEF087-04E3-4F3B-9826-0FB1DA6E8CD7}"
EndProject
Project("{9A19103F-16F7-4668-BE54-9A1E7A4F7556}") = "ConsoleApp_Basic_HTTP", "ConsoleApp_Basic_HTTP\ConsoleApp_Basic_HTTP.csproj", "{0BF99A8A-A16A-436E-A028-FB06D4C03B86}"
EndProject
Project("{9A19103F-16F7-4668-BE54-9A1E7A4F7556}") = "ConsoleApp_Basic_Reflection_Attributes", "ConsoleApp_Basic_Reflection_Attributes\ConsoleApp_Basic_Reflection_Attributes.csproj", "{07B2BE15-3D7F-4B6D-8312-72A4A3016E69}"
EndProject
Project("{9A19103F-16F7-4668-BE54-9A1E7A4F7556}") = "ConsoleApp_Basic_Records", "ConsoleApp_Basic_Records\ConsoleApp_Basic_Records.csproj", "{90C4E4BE-4153-44F1-82A3-994A22D38D45}"
EndProject
Project("{9A19103F-16F7-4668-BE54-9A1E7A4F7556}") = "WebApplication_Basic_DependencyInjection", "WebApplication_Basic_DependencyInjection\WebApplication_Basic_DependencyInjection.csproj", "{71341B57-1C08-4DD0-9F3E-270F341F267F}"
EndProject
Project("{9A19103F-16F7-4668-BE54-9A1E7A4F7556}") = "WebApplication_Basic_EntityFramework", "WebApplication_Basic_EntityFramework\WebApplication_Basic_EntityFramework.csproj", "{0B26202B-A900-4574-8A88-5ADCC4B623D8}"
EndProject
Project("{9A19103F-16F7-4668-BE54-9A1E7A4F7556}") = "MauiApp_MvvmToolkit", "MauiApp_MvvmToolkit\MauiApp_MvvmToolkit.csproj", "{A2606308-6E94-4B53-983A-D39F5C44032E}"
EndProject
Project("{9A19103F-16F7-4668-BE54-9A1E7A4F7556}") = "WebApplication_Basic_API", "WebApplication_Basic_API\WebApplication_Basic_API.csproj", "{53E72E61-4E62-4D59-92EC-338205EAFF9A}"
EndProject
Project("{9A19103F-16F7-4668-BE54-9A1E7A4F7556}") = "ConsoleApp_WorkWithFilePaths", "ConsoleApp_WorkWithFilePaths\ConsoleApp_WorkWithFilePaths.csproj", "{6AAED7A4-B11F-4FAB-8ACA-9DCFC19932F3}"
EndProject
Project("{FAE04EC0-301F-11D3-BF4B-00C04F79EFBC}") = "Blazor_WebAssemblyApp_ConnectFourGame", "Blazor_WebAssemblyApp_ConnectFourGame\Blazor_WebAssemblyApp_ConnectFourGame.csproj", "{A0AC03C0-3925-4B31-A215-9AF0D85E141E}"
EndProject
Global
	GlobalSection(SolutionConfigurationPlatforms) = preSolution
		Debug|Any CPU = Debug|Any CPU
		Debug|ARM64 = Debug|ARM64
		Debug|x64 = Debug|x64
		Debug|x86 = Debug|x86
		Release|Any CPU = Release|Any CPU
		Release|ARM64 = Release|ARM64
		Release|x64 = Release|x64
		Release|x86 = Release|x86
	EndGlobalSection
	GlobalSection(ProjectConfigurationPlatforms) = postSolution
		{AD98316C-FBB8-4C14-ABE7-123EACE46242}.Debug|Any CPU.ActiveCfg = Debug|Any CPU
		{AD98316C-FBB8-4C14-ABE7-123EACE46242}.Debug|Any CPU.Build.0 = Debug|Any CPU
		{AD98316C-FBB8-4C14-ABE7-123EACE46242}.Debug|ARM64.ActiveCfg = Debug|Any CPU
		{AD98316C-FBB8-4C14-ABE7-123EACE46242}.Debug|ARM64.Build.0 = Debug|Any CPU
		{AD98316C-FBB8-4C14-ABE7-123EACE46242}.Debug|x64.ActiveCfg = Debug|Any CPU
		{AD98316C-FBB8-4C14-ABE7-123EACE46242}.Debug|x64.Build.0 = Debug|Any CPU
		{AD98316C-FBB8-4C14-ABE7-123EACE46242}.Debug|x86.ActiveCfg = Debug|Any CPU
		{AD98316C-FBB8-4C14-ABE7-123EACE46242}.Debug|x86.Build.0 = Debug|Any CPU
		{AD98316C-FBB8-4C14-ABE7-123EACE46242}.Release|Any CPU.ActiveCfg = Release|Any CPU
		{AD98316C-FBB8-4C14-ABE7-123EACE46242}.Release|Any CPU.Build.0 = Release|Any CPU
		{AD98316C-FBB8-4C14-ABE7-123EACE46242}.Release|ARM64.ActiveCfg = Release|Any CPU
		{AD98316C-FBB8-4C14-ABE7-123EACE46242}.Release|ARM64.Build.0 = Release|Any CPU
		{AD98316C-FBB8-4C14-ABE7-123EACE46242}.Release|x64.ActiveCfg = Release|Any CPU
		{AD98316C-FBB8-4C14-ABE7-123EACE46242}.Release|x64.Build.0 = Release|Any CPU
		{AD98316C-FBB8-4C14-ABE7-123EACE46242}.Release|x86.ActiveCfg = Release|Any CPU
		{AD98316C-FBB8-4C14-ABE7-123EACE46242}.Release|x86.Build.0 = Release|Any CPU
		{118E855C-BFDE-42A8-8A1C-964E5CB59124}.Debug|Any CPU.ActiveCfg = Debug|Any CPU
		{118E855C-BFDE-42A8-8A1C-964E5CB59124}.Debug|Any CPU.Build.0 = Debug|Any CPU
		{118E855C-BFDE-42A8-8A1C-964E5CB59124}.Debug|ARM64.ActiveCfg = Debug|Any CPU
		{118E855C-BFDE-42A8-8A1C-964E5CB59124}.Debug|ARM64.Build.0 = Debug|Any CPU
		{118E855C-BFDE-42A8-8A1C-964E5CB59124}.Debug|x64.ActiveCfg = Debug|Any CPU
		{118E855C-BFDE-42A8-8A1C-964E5CB59124}.Debug|x64.Build.0 = Debug|Any CPU
		{118E855C-BFDE-42A8-8A1C-964E5CB59124}.Debug|x86.ActiveCfg = Debug|Any CPU
		{118E855C-BFDE-42A8-8A1C-964E5CB59124}.Debug|x86.Build.0 = Debug|Any CPU
		{118E855C-BFDE-42A8-8A1C-964E5CB59124}.Release|Any CPU.ActiveCfg = Release|Any CPU
		{118E855C-BFDE-42A8-8A1C-964E5CB59124}.Release|Any CPU.Build.0 = Release|Any CPU
		{118E855C-BFDE-42A8-8A1C-964E5CB59124}.Release|ARM64.ActiveCfg = Release|Any CPU
		{118E855C-BFDE-42A8-8A1C-964E5CB59124}.Release|ARM64.Build.0 = Release|Any CPU
		{118E855C-BFDE-42A8-8A1C-964E5CB59124}.Release|x64.ActiveCfg = Release|Any CPU
		{118E855C-BFDE-42A8-8A1C-964E5CB59124}.Release|x64.Build.0 = Release|Any CPU
		{118E855C-BFDE-42A8-8A1C-964E5CB59124}.Release|x86.ActiveCfg = Release|Any CPU
		{118E855C-BFDE-42A8-8A1C-964E5CB59124}.Release|x86.Build.0 = Release|Any CPU
		{5B19830C-3CEA-4E1F-B49E-CD5F81504021}.Debug|Any CPU.ActiveCfg = Debug|Any CPU
		{5B19830C-3CEA-4E1F-B49E-CD5F81504021}.Debug|Any CPU.Build.0 = Debug|Any CPU
		{5B19830C-3CEA-4E1F-B49E-CD5F81504021}.Debug|ARM64.ActiveCfg = Debug|Any CPU
		{5B19830C-3CEA-4E1F-B49E-CD5F81504021}.Debug|ARM64.Build.0 = Debug|Any CPU
		{5B19830C-3CEA-4E1F-B49E-CD5F81504021}.Debug|x64.ActiveCfg = Debug|Any CPU
		{5B19830C-3CEA-4E1F-B49E-CD5F81504021}.Debug|x64.Build.0 = Debug|Any CPU
		{5B19830C-3CEA-4E1F-B49E-CD5F81504021}.Debug|x86.ActiveCfg = Debug|Any CPU
		{5B19830C-3CEA-4E1F-B49E-CD5F81504021}.Debug|x86.Build.0 = Debug|Any CPU
		{5B19830C-3CEA-4E1F-B49E-CD5F81504021}.Release|Any CPU.ActiveCfg = Release|Any CPU
		{5B19830C-3CEA-4E1F-B49E-CD5F81504021}.Release|Any CPU.Build.0 = Release|Any CPU
		{5B19830C-3CEA-4E1F-B49E-CD5F81504021}.Release|ARM64.ActiveCfg = Release|Any CPU
		{5B19830C-3CEA-4E1F-B49E-CD5F81504021}.Release|ARM64.Build.0 = Release|Any CPU
		{5B19830C-3CEA-4E1F-B49E-CD5F81504021}.Release|x64.ActiveCfg = Release|Any CPU
		{5B19830C-3CEA-4E1F-B49E-CD5F81504021}.Release|x64.Build.0 = Release|Any CPU
		{5B19830C-3CEA-4E1F-B49E-CD5F81504021}.Release|x86.ActiveCfg = Release|Any CPU
		{5B19830C-3CEA-4E1F-B49E-CD5F81504021}.Release|x86.Build.0 = Release|Any CPU
		{AFE77A3C-F3FC-45A5-BC6C-F5F28C1015FB}.Debug|Any CPU.ActiveCfg = Debug|Any CPU
		{AFE77A3C-F3FC-45A5-BC6C-F5F28C1015FB}.Debug|Any CPU.Build.0 = Debug|Any CPU
		{AFE77A3C-F3FC-45A5-BC6C-F5F28C1015FB}.Debug|ARM64.ActiveCfg = Debug|Any CPU
		{AFE77A3C-F3FC-45A5-BC6C-F5F28C1015FB}.Debug|ARM64.Build.0 = Debug|Any CPU
		{AFE77A3C-F3FC-45A5-BC6C-F5F28C1015FB}.Debug|x64.ActiveCfg = Debug|Any CPU
		{AFE77A3C-F3FC-45A5-BC6C-F5F28C1015FB}.Debug|x64.Build.0 = Debug|Any CPU
		{AFE77A3C-F3FC-45A5-BC6C-F5F28C1015FB}.Debug|x86.ActiveCfg = Debug|Any CPU
		{AFE77A3C-F3FC-45A5-BC6C-F5F28C1015FB}.Debug|x86.Build.0 = Debug|Any CPU
		{AFE77A3C-F3FC-45A5-BC6C-F5F28C1015FB}.Release|Any CPU.ActiveCfg = Release|Any CPU
		{AFE77A3C-F3FC-45A5-BC6C-F5F28C1015FB}.Release|Any CPU.Build.0 = Release|Any CPU
		{AFE77A3C-F3FC-45A5-BC6C-F5F28C1015FB}.Release|ARM64.ActiveCfg = Release|Any CPU
		{AFE77A3C-F3FC-45A5-BC6C-F5F28C1015FB}.Release|ARM64.Build.0 = Release|Any CPU
		{AFE77A3C-F3FC-45A5-BC6C-F5F28C1015FB}.Release|x64.ActiveCfg = Release|Any CPU
		{AFE77A3C-F3FC-45A5-BC6C-F5F28C1015FB}.Release|x64.Build.0 = Release|Any CPU
		{AFE77A3C-F3FC-45A5-BC6C-F5F28C1015FB}.Release|x86.ActiveCfg = Release|Any CPU
		{AFE77A3C-F3FC-45A5-BC6C-F5F28C1015FB}.Release|x86.Build.0 = Release|Any CPU
		{BDEC8BAA-CCC7-4447-8451-4122147C865F}.Debug|Any CPU.ActiveCfg = Debug|Any CPU
		{BDEC8BAA-CCC7-4447-8451-4122147C865F}.Debug|Any CPU.Build.0 = Debug|Any CPU
		{BDEC8BAA-CCC7-4447-8451-4122147C865F}.Debug|ARM64.ActiveCfg = Debug|Any CPU
		{BDEC8BAA-CCC7-4447-8451-4122147C865F}.Debug|ARM64.Build.0 = Debug|Any CPU
		{BDEC8BAA-CCC7-4447-8451-4122147C865F}.Debug|x64.ActiveCfg = Debug|Any CPU
		{BDEC8BAA-CCC7-4447-8451-4122147C865F}.Debug|x64.Build.0 = Debug|Any CPU
		{BDEC8BAA-CCC7-4447-8451-4122147C865F}.Debug|x86.ActiveCfg = Debug|Any CPU
		{BDEC8BAA-CCC7-4447-8451-4122147C865F}.Debug|x86.Build.0 = Debug|Any CPU
		{BDEC8BAA-CCC7-4447-8451-4122147C865F}.Release|Any CPU.ActiveCfg = Release|Any CPU
		{BDEC8BAA-CCC7-4447-8451-4122147C865F}.Release|Any CPU.Build.0 = Release|Any CPU
		{BDEC8BAA-CCC7-4447-8451-4122147C865F}.Release|ARM64.ActiveCfg = Release|Any CPU
		{BDEC8BAA-CCC7-4447-8451-4122147C865F}.Release|ARM64.Build.0 = Release|Any CPU
		{BDEC8BAA-CCC7-4447-8451-4122147C865F}.Release|x64.ActiveCfg = Release|Any CPU
		{BDEC8BAA-CCC7-4447-8451-4122147C865F}.Release|x64.Build.0 = Release|Any CPU
		{BDEC8BAA-CCC7-4447-8451-4122147C865F}.Release|x86.ActiveCfg = Release|Any CPU
		{BDEC8BAA-CCC7-4447-8451-4122147C865F}.Release|x86.Build.0 = Release|Any CPU
		{9BCEF087-04E3-4F3B-9826-0FB1DA6E8CD7}.Debug|Any CPU.ActiveCfg = Debug|Any CPU
		{9BCEF087-04E3-4F3B-9826-0FB1DA6E8CD7}.Debug|Any CPU.Build.0 = Debug|Any CPU
		{9BCEF087-04E3-4F3B-9826-0FB1DA6E8CD7}.Debug|ARM64.ActiveCfg = Debug|Any CPU
		{9BCEF087-04E3-4F3B-9826-0FB1DA6E8CD7}.Debug|ARM64.Build.0 = Debug|Any CPU
		{9BCEF087-04E3-4F3B-9826-0FB1DA6E8CD7}.Debug|x64.ActiveCfg = Debug|Any CPU
		{9BCEF087-04E3-4F3B-9826-0FB1DA6E8CD7}.Debug|x64.Build.0 = Debug|Any CPU
		{9BCEF087-04E3-4F3B-9826-0FB1DA6E8CD7}.Debug|x86.ActiveCfg = Debug|Any CPU
		{9BCEF087-04E3-4F3B-9826-0FB1DA6E8CD7}.Debug|x86.Build.0 = Debug|Any CPU
		{9BCEF087-04E3-4F3B-9826-0FB1DA6E8CD7}.Release|Any CPU.ActiveCfg = Release|Any CPU
		{9BCEF087-04E3-4F3B-9826-0FB1DA6E8CD7}.Release|Any CPU.Build.0 = Release|Any CPU
		{9BCEF087-04E3-4F3B-9826-0FB1DA6E8CD7}.Release|ARM64.ActiveCfg = Release|Any CPU
		{9BCEF087-04E3-4F3B-9826-0FB1DA6E8CD7}.Release|ARM64.Build.0 = Release|Any CPU
		{9BCEF087-04E3-4F3B-9826-0FB1DA6E8CD7}.Release|x64.ActiveCfg = Release|Any CPU
		{9BCEF087-04E3-4F3B-9826-0FB1DA6E8CD7}.Release|x64.Build.0 = Release|Any CPU
		{9BCEF087-04E3-4F3B-9826-0FB1DA6E8CD7}.Release|x86.ActiveCfg = Release|Any CPU
		{9BCEF087-04E3-4F3B-9826-0FB1DA6E8CD7}.Release|x86.Build.0 = Release|Any CPU
		{0BF99A8A-A16A-436E-A028-FB06D4C03B86}.Debug|Any CPU.ActiveCfg = Debug|Any CPU
		{0BF99A8A-A16A-436E-A028-FB06D4C03B86}.Debug|Any CPU.Build.0 = Debug|Any CPU
		{0BF99A8A-A16A-436E-A028-FB06D4C03B86}.Debug|ARM64.ActiveCfg = Debug|Any CPU
		{0BF99A8A-A16A-436E-A028-FB06D4C03B86}.Debug|ARM64.Build.0 = Debug|Any CPU
		{0BF99A8A-A16A-436E-A028-FB06D4C03B86}.Debug|x64.ActiveCfg = Debug|Any CPU
		{0BF99A8A-A16A-436E-A028-FB06D4C03B86}.Debug|x64.Build.0 = Debug|Any CPU
		{0BF99A8A-A16A-436E-A028-FB06D4C03B86}.Debug|x86.ActiveCfg = Debug|Any CPU
		{0BF99A8A-A16A-436E-A028-FB06D4C03B86}.Debug|x86.Build.0 = Debug|Any CPU
		{0BF99A8A-A16A-436E-A028-FB06D4C03B86}.Release|Any CPU.ActiveCfg = Release|Any CPU
		{0BF99A8A-A16A-436E-A028-FB06D4C03B86}.Release|Any CPU.Build.0 = Release|Any CPU
		{0BF99A8A-A16A-436E-A028-FB06D4C03B86}.Release|ARM64.ActiveCfg = Release|Any CPU
		{0BF99A8A-A16A-436E-A028-FB06D4C03B86}.Release|ARM64.Build.0 = Release|Any CPU
		{0BF99A8A-A16A-436E-A028-FB06D4C03B86}.Release|x64.ActiveCfg = Release|Any CPU
		{0BF99A8A-A16A-436E-A028-FB06D4C03B86}.Release|x64.Build.0 = Release|Any CPU
		{0BF99A8A-A16A-436E-A028-FB06D4C03B86}.Release|x86.ActiveCfg = Release|Any CPU
		{0BF99A8A-A16A-436E-A028-FB06D4C03B86}.Release|x86.Build.0 = Release|Any CPU
		{07B2BE15-3D7F-4B6D-8312-72A4A3016E69}.Debug|Any CPU.ActiveCfg = Debug|Any CPU
		{07B2BE15-3D7F-4B6D-8312-72A4A3016E69}.Debug|Any CPU.Build.0 = Debug|Any CPU
		{07B2BE15-3D7F-4B6D-8312-72A4A3016E69}.Debug|ARM64.ActiveCfg = Debug|Any CPU
		{07B2BE15-3D7F-4B6D-8312-72A4A3016E69}.Debug|ARM64.Build.0 = Debug|Any CPU
		{07B2BE15-3D7F-4B6D-8312-72A4A3016E69}.Debug|x64.ActiveCfg = Debug|Any CPU
		{07B2BE15-3D7F-4B6D-8312-72A4A3016E69}.Debug|x64.Build.0 = Debug|Any CPU
		{07B2BE15-3D7F-4B6D-8312-72A4A3016E69}.Debug|x86.ActiveCfg = Debug|Any CPU
		{07B2BE15-3D7F-4B6D-8312-72A4A3016E69}.Debug|x86.Build.0 = Debug|Any CPU
		{07B2BE15-3D7F-4B6D-8312-72A4A3016E69}.Release|Any CPU.ActiveCfg = Release|Any CPU
		{07B2BE15-3D7F-4B6D-8312-72A4A3016E69}.Release|Any CPU.Build.0 = Release|Any CPU
		{07B2BE15-3D7F-4B6D-8312-72A4A3016E69}.Release|ARM64.ActiveCfg = Release|Any CPU
		{07B2BE15-3D7F-4B6D-8312-72A4A3016E69}.Release|ARM64.Build.0 = Release|Any CPU
		{07B2BE15-3D7F-4B6D-8312-72A4A3016E69}.Release|x64.ActiveCfg = Release|Any CPU
		{07B2BE15-3D7F-4B6D-8312-72A4A3016E69}.Release|x64.Build.0 = Release|Any CPU
		{07B2BE15-3D7F-4B6D-8312-72A4A3016E69}.Release|x86.ActiveCfg = Release|Any CPU
		{07B2BE15-3D7F-4B6D-8312-72A4A3016E69}.Release|x86.Build.0 = Release|Any CPU
		{90C4E4BE-4153-44F1-82A3-994A22D38D45}.Debug|Any CPU.ActiveCfg = Debug|Any CPU
		{90C4E4BE-4153-44F1-82A3-994A22D38D45}.Debug|Any CPU.Build.0 = Debug|Any CPU
		{90C4E4BE-4153-44F1-82A3-994A22D38D45}.Debug|ARM64.ActiveCfg = Debug|Any CPU
		{90C4E4BE-4153-44F1-82A3-994A22D38D45}.Debug|ARM64.Build.0 = Debug|Any CPU
		{90C4E4BE-4153-44F1-82A3-994A22D38D45}.Debug|x64.ActiveCfg = Debug|Any CPU
		{90C4E4BE-4153-44F1-82A3-994A22D38D45}.Debug|x64.Build.0 = Debug|Any CPU
		{90C4E4BE-4153-44F1-82A3-994A22D38D45}.Debug|x86.ActiveCfg = Debug|Any CPU
		{90C4E4BE-4153-44F1-82A3-994A22D38D45}.Debug|x86.Build.0 = Debug|Any CPU
		{90C4E4BE-4153-44F1-82A3-994A22D38D45}.Release|Any CPU.ActiveCfg = Release|Any CPU
		{90C4E4BE-4153-44F1-82A3-994A22D38D45}.Release|Any CPU.Build.0 = Release|Any CPU
		{90C4E4BE-4153-44F1-82A3-994A22D38D45}.Release|ARM64.ActiveCfg = Release|Any CPU
		{90C4E4BE-4153-44F1-82A3-994A22D38D45}.Release|ARM64.Build.0 = Release|Any CPU
		{90C4E4BE-4153-44F1-82A3-994A22D38D45}.Release|x64.ActiveCfg = Release|Any CPU
		{90C4E4BE-4153-44F1-82A3-994A22D38D45}.Release|x64.Build.0 = Release|Any CPU
		{90C4E4BE-4153-44F1-82A3-994A22D38D45}.Release|x86.ActiveCfg = Release|Any CPU
		{90C4E4BE-4153-44F1-82A3-994A22D38D45}.Release|x86.Build.0 = Release|Any CPU
		{71341B57-1C08-4DD0-9F3E-270F341F267F}.Debug|Any CPU.ActiveCfg = Debug|Any CPU
		{71341B57-1C08-4DD0-9F3E-270F341F267F}.Debug|Any CPU.Build.0 = Debug|Any CPU
		{71341B57-1C08-4DD0-9F3E-270F341F267F}.Debug|ARM64.ActiveCfg = Debug|Any CPU
		{71341B57-1C08-4DD0-9F3E-270F341F267F}.Debug|ARM64.Build.0 = Debug|Any CPU
		{71341B57-1C08-4DD0-9F3E-270F341F267F}.Debug|x64.ActiveCfg = Debug|Any CPU
		{71341B57-1C08-4DD0-9F3E-270F341F267F}.Debug|x64.Build.0 = Debug|Any CPU
		{71341B57-1C08-4DD0-9F3E-270F341F267F}.Debug|x86.ActiveCfg = Debug|Any CPU
		{71341B57-1C08-4DD0-9F3E-270F341F267F}.Debug|x86.Build.0 = Debug|Any CPU
		{71341B57-1C08-4DD0-9F3E-270F341F267F}.Release|Any CPU.ActiveCfg = Release|Any CPU
		{71341B57-1C08-4DD0-9F3E-270F341F267F}.Release|Any CPU.Build.0 = Release|Any CPU
		{71341B57-1C08-4DD0-9F3E-270F341F267F}.Release|ARM64.ActiveCfg = Release|Any CPU
		{71341B57-1C08-4DD0-9F3E-270F341F267F}.Release|ARM64.Build.0 = Release|Any CPU
		{71341B57-1C08-4DD0-9F3E-270F341F267F}.Release|x64.ActiveCfg = Release|Any CPU
		{71341B57-1C08-4DD0-9F3E-270F341F267F}.Release|x64.Build.0 = Release|Any CPU
		{71341B57-1C08-4DD0-9F3E-270F341F267F}.Release|x86.ActiveCfg = Release|Any CPU
		{71341B57-1C08-4DD0-9F3E-270F341F267F}.Release|x86.Build.0 = Release|Any CPU
		{0B26202B-A900-4574-8A88-5ADCC4B623D8}.Debug|Any CPU.ActiveCfg = Debug|Any CPU
		{0B26202B-A900-4574-8A88-5ADCC4B623D8}.Debug|Any CPU.Build.0 = Debug|Any CPU
		{0B26202B-A900-4574-8A88-5ADCC4B623D8}.Debug|ARM64.ActiveCfg = Debug|Any CPU
		{0B26202B-A900-4574-8A88-5ADCC4B623D8}.Debug|ARM64.Build.0 = Debug|Any CPU
		{0B26202B-A900-4574-8A88-5ADCC4B623D8}.Debug|x64.ActiveCfg = Debug|Any CPU
		{0B26202B-A900-4574-8A88-5ADCC4B623D8}.Debug|x64.Build.0 = Debug|Any CPU
		{0B26202B-A900-4574-8A88-5ADCC4B623D8}.Debug|x86.ActiveCfg = Debug|Any CPU
		{0B26202B-A900-4574-8A88-5ADCC4B623D8}.Debug|x86.Build.0 = Debug|Any CPU
		{0B26202B-A900-4574-8A88-5ADCC4B623D8}.Release|Any CPU.ActiveCfg = Release|Any CPU
		{0B26202B-A900-4574-8A88-5ADCC4B623D8}.Release|Any CPU.Build.0 = Release|Any CPU
		{0B26202B-A900-4574-8A88-5ADCC4B623D8}.Release|ARM64.ActiveCfg = Release|Any CPU
		{0B26202B-A900-4574-8A88-5ADCC4B623D8}.Release|ARM64.Build.0 = Release|Any CPU
		{0B26202B-A900-4574-8A88-5ADCC4B623D8}.Release|x64.ActiveCfg = Release|Any CPU
		{0B26202B-A900-4574-8A88-5ADCC4B623D8}.Release|x64.Build.0 = Release|Any CPU
		{0B26202B-A900-4574-8A88-5ADCC4B623D8}.Release|x86.ActiveCfg = Release|Any CPU
		{0B26202B-A900-4574-8A88-5ADCC4B623D8}.Release|x86.Build.0 = Release|Any CPU
		{A2606308-6E94-4B53-983A-D39F5C44032E}.Debug|Any CPU.ActiveCfg = Debug|Any CPU
		{A2606308-6E94-4B53-983A-D39F5C44032E}.Debug|Any CPU.Build.0 = Debug|Any CPU
		{A2606308-6E94-4B53-983A-D39F5C44032E}.Debug|Any CPU.Deploy.0 = Debug|Any CPU
		{A2606308-6E94-4B53-983A-D39F5C44032E}.Debug|ARM64.ActiveCfg = Debug|Any CPU
		{A2606308-6E94-4B53-983A-D39F5C44032E}.Debug|ARM64.Build.0 = Debug|Any CPU
		{A2606308-6E94-4B53-983A-D39F5C44032E}.Debug|ARM64.Deploy.0 = Debug|Any CPU
		{A2606308-6E94-4B53-983A-D39F5C44032E}.Debug|x64.ActiveCfg = Debug|Any CPU
		{A2606308-6E94-4B53-983A-D39F5C44032E}.Debug|x64.Build.0 = Debug|Any CPU
		{A2606308-6E94-4B53-983A-D39F5C44032E}.Debug|x64.Deploy.0 = Debug|Any CPU
		{A2606308-6E94-4B53-983A-D39F5C44032E}.Debug|x86.ActiveCfg = Debug|Any CPU
		{A2606308-6E94-4B53-983A-D39F5C44032E}.Debug|x86.Build.0 = Debug|Any CPU
		{A2606308-6E94-4B53-983A-D39F5C44032E}.Debug|x86.Deploy.0 = Debug|Any CPU
		{A2606308-6E94-4B53-983A-D39F5C44032E}.Release|Any CPU.ActiveCfg = Release|Any CPU
		{A2606308-6E94-4B53-983A-D39F5C44032E}.Release|Any CPU.Build.0 = Release|Any CPU
		{A2606308-6E94-4B53-983A-D39F5C44032E}.Release|Any CPU.Deploy.0 = Release|Any CPU
		{A2606308-6E94-4B53-983A-D39F5C44032E}.Release|ARM64.ActiveCfg = Release|Any CPU
		{A2606308-6E94-4B53-983A-D39F5C44032E}.Release|ARM64.Build.0 = Release|Any CPU
		{A2606308-6E94-4B53-983A-D39F5C44032E}.Release|ARM64.Deploy.0 = Release|Any CPU
		{A2606308-6E94-4B53-983A-D39F5C44032E}.Release|x64.ActiveCfg = Release|Any CPU
		{A2606308-6E94-4B53-983A-D39F5C44032E}.Release|x64.Build.0 = Release|Any CPU
		{A2606308-6E94-4B53-983A-D39F5C44032E}.Release|x64.Deploy.0 = Release|Any CPU
		{A2606308-6E94-4B53-983A-D39F5C44032E}.Release|x86.ActiveCfg = Release|Any CPU
		{A2606308-6E94-4B53-983A-D39F5C44032E}.Release|x86.Build.0 = Release|Any CPU
		{A2606308-6E94-4B53-983A-D39F5C44032E}.Release|x86.Deploy.0 = Release|Any CPU
		{53E72E61-4E62-4D59-92EC-338205EAFF9A}.Debug|Any CPU.ActiveCfg = Debug|Any CPU
		{53E72E61-4E62-4D59-92EC-338205EAFF9A}.Debug|Any CPU.Build.0 = Debug|Any CPU
		{53E72E61-4E62-4D59-92EC-338205EAFF9A}.Debug|ARM64.ActiveCfg = Debug|Any CPU
		{53E72E61-4E62-4D59-92EC-338205EAFF9A}.Debug|ARM64.Build.0 = Debug|Any CPU
		{53E72E61-4E62-4D59-92EC-338205EAFF9A}.Debug|x64.ActiveCfg = Debug|Any CPU
		{53E72E61-4E62-4D59-92EC-338205EAFF9A}.Debug|x64.Build.0 = Debug|Any CPU
		{53E72E61-4E62-4D59-92EC-338205EAFF9A}.Debug|x86.ActiveCfg = Debug|Any CPU
		{53E72E61-4E62-4D59-92EC-338205EAFF9A}.Debug|x86.Build.0 = Debug|Any CPU
		{53E72E61-4E62-4D59-92EC-338205EAFF9A}.Release|Any CPU.ActiveCfg = Release|Any CPU
		{53E72E61-4E62-4D59-92EC-338205EAFF9A}.Release|Any CPU.Build.0 = Release|Any CPU
		{53E72E61-4E62-4D59-92EC-338205EAFF9A}.Release|ARM64.ActiveCfg = Release|Any CPU
		{53E72E61-4E62-4D59-92EC-338205EAFF9A}.Release|ARM64.Build.0 = Release|Any CPU
		{53E72E61-4E62-4D59-92EC-338205EAFF9A}.Release|x64.ActiveCfg = Release|Any CPU
		{53E72E61-4E62-4D59-92EC-338205EAFF9A}.Release|x64.Build.0 = Release|Any CPU
		{53E72E61-4E62-4D59-92EC-338205EAFF9A}.Release|x86.ActiveCfg = Release|Any CPU
		{53E72E61-4E62-4D59-92EC-338205EAFF9A}.Release|x86.Build.0 = Release|Any CPU
		{6AAED7A4-B11F-4FAB-8ACA-9DCFC19932F3}.Debug|Any CPU.ActiveCfg = Debug|Any CPU
		{6AAED7A4-B11F-4FAB-8ACA-9DCFC19932F3}.Debug|Any CPU.Build.0 = Debug|Any CPU
		{6AAED7A4-B11F-4FAB-8ACA-9DCFC19932F3}.Debug|ARM64.ActiveCfg = Debug|Any CPU
		{6AAED7A4-B11F-4FAB-8ACA-9DCFC19932F3}.Debug|ARM64.Build.0 = Debug|Any CPU
		{6AAED7A4-B11F-4FAB-8ACA-9DCFC19932F3}.Debug|x64.ActiveCfg = Debug|Any CPU
		{6AAED7A4-B11F-4FAB-8ACA-9DCFC19932F3}.Debug|x64.Build.0 = Debug|Any CPU
		{6AAED7A4-B11F-4FAB-8ACA-9DCFC19932F3}.Debug|x86.ActiveCfg = Debug|Any CPU
		{6AAED7A4-B11F-4FAB-8ACA-9DCFC19932F3}.Debug|x86.Build.0 = Debug|Any CPU
		{6AAED7A4-B11F-4FAB-8ACA-9DCFC19932F3}.Release|Any CPU.ActiveCfg = Release|Any CPU
		{6AAED7A4-B11F-4FAB-8ACA-9DCFC19932F3}.Release|Any CPU.Build.0 = Release|Any CPU
		{6AAED7A4-B11F-4FAB-8ACA-9DCFC19932F3}.Release|ARM64.ActiveCfg = Release|Any CPU
		{6AAED7A4-B11F-4FAB-8ACA-9DCFC19932F3}.Release|ARM64.Build.0 = Release|Any CPU
		{6AAED7A4-B11F-4FAB-8ACA-9DCFC19932F3}.Release|x64.ActiveCfg = Release|Any CPU
		{6AAED7A4-B11F-4FAB-8ACA-9DCFC19932F3}.Release|x64.Build.0 = Release|Any CPU
		{6AAED7A4-B11F-4FAB-8ACA-9DCFC19932F3}.Release|x86.ActiveCfg = Release|Any CPU
		{6AAED7A4-B11F-4FAB-8ACA-9DCFC19932F3}.Release|x86.Build.0 = Release|Any CPU
		{A0AC03C0-3925-4B31-A215-9AF0D85E141E}.Debug|Any CPU.ActiveCfg = Debug|Any CPU
		{A0AC03C0-3925-4B31-A215-9AF0D85E141E}.Debug|Any CPU.Build.0 = Debug|Any CPU
		{A0AC03C0-3925-4B31-A215-9AF0D85E141E}.Debug|ARM64.ActiveCfg = Debug|Any CPU
		{A0AC03C0-3925-4B31-A215-9AF0D85E141E}.Debug|ARM64.Build.0 = Debug|Any CPU
		{A0AC03C0-3925-4B31-A215-9AF0D85E141E}.Debug|x64.ActiveCfg = Debug|Any CPU
		{A0AC03C0-3925-4B31-A215-9AF0D85E141E}.Debug|x64.Build.0 = Debug|Any CPU
		{A0AC03C0-3925-4B31-A215-9AF0D85E141E}.Debug|x86.ActiveCfg = Debug|Any CPU
		{A0AC03C0-3925-4B31-A215-9AF0D85E141E}.Debug|x86.Build.0 = Debug|Any CPU
		{A0AC03C0-3925-4B31-A215-9AF0D85E141E}.Release|Any CPU.ActiveCfg = Release|Any CPU
		{A0AC03C0-3925-4B31-A215-9AF0D85E141E}.Release|Any CPU.Build.0 = Release|Any CPU
		{A0AC03C0-3925-4B31-A215-9AF0D85E141E}.Release|ARM64.ActiveCfg = Release|Any CPU
		{A0AC03C0-3925-4B31-A215-9AF0D85E141E}.Release|ARM64.Build.0 = Release|Any CPU
		{A0AC03C0-3925-4B31-A215-9AF0D85E141E}.Release|x64.ActiveCfg = Release|Any CPU
		{A0AC03C0-3925-4B31-A215-9AF0D85E141E}.Release|x64.Build.0 = Release|Any CPU
		{A0AC03C0-3925-4B31-A215-9AF0D85E141E}.Release|x86.ActiveCfg = Release|Any CPU
		{A0AC03C0-3925-4B31-A215-9AF0D85E141E}.Release|x86.Build.0 = Release|Any CPU
	EndGlobalSection
	GlobalSection(SolutionProperties) = preSolution
		HideSolutionNode = FALSE
	EndGlobalSection
	GlobalSection(ExtensibilityGlobals) = postSolution
		SolutionGuid = {D2B7C471-0480-4484-A487-D4EF22870C6D}
	EndGlobalSection
EndGlobal
